{
    "name": "@supplement-bacon/react-native-pax-library",
    "version": "1.0.24",
    "lockfileVersion": 3,
    "requires": true,
    "packages": {
        "": {
            "name": "@supplement-bacon/react-native-pax-library",
            "version": "1.0.24",
            "license": "MIT"
        }
    }
}
